
Microsoft Visual Studio Solution File, Format Version 12.00
# Visual Studio 14
VisualStudioVersion = 14.0.25420.1
MinimumVisualStudioVersion = 10.0.40219.1
Project("{FAE04EC0-301F-11D3-BF4B-00C04F79EFBC}") = "Logic.Test", "Logic.Test\Logic.Test.csproj", "{6ACF07FE-F4ED-4CF5-ADCB-68C6DE2260F1}"
EndProject
Project("{FAE04EC0-301F-11D3-BF4B-00C04F79EFBC}") = "Logic", "Logic\Logic.csproj", "{4812C714-5750-45B7-8B01-88C8A5298218}"
EndProject
Project("{FAE04EC0-301F-11D3-BF4B-00C04F79EFBC}") = "SystemUsersTest", "SystemUsersTest\SystemUsersTest.csproj", "{270ADB41-A5E4-41E2-8CEB-026D8640EFBB}"
EndProject
Project("{FAE04EC0-301F-11D3-BF4B-00C04F79EFBC}") = "SystemLoginTest", "SystemLoginTest\SystemLoginTest.csproj", "{C46C6B58-8901-4163-B4E3-C274C195CB91}"
EndProject
Global
	GlobalSection(SolutionConfigurationPlatforms) = preSolution
		Debug|Any CPU = Debug|Any CPU
		Release|Any CPU = Release|Any CPU
	EndGlobalSection
	GlobalSection(ProjectConfigurationPlatforms) = postSolution
		{6ACF07FE-F4ED-4CF5-ADCB-68C6DE2260F1}.Debug|Any CPU.ActiveCfg = Debug|Any CPU
		{6ACF07FE-F4ED-4CF5-ADCB-68C6DE2260F1}.Debug|Any CPU.Build.0 = Debug|Any CPU
		{6ACF07FE-F4ED-4CF5-ADCB-68C6DE2260F1}.Release|Any CPU.ActiveCfg = Release|Any CPU
		{6ACF07FE-F4ED-4CF5-ADCB-68C6DE2260F1}.Release|Any CPU.Build.0 = Release|Any CPU
		{4812C714-5750-45B7-8B01-88C8A5298218}.Debug|Any CPU.ActiveCfg = Debug|Any CPU
		{4812C714-5750-45B7-8B01-88C8A5298218}.Debug|Any CPU.Build.0 = Debug|Any CPU
		{4812C714-5750-45B7-8B01-88C8A5298218}.Release|Any CPU.ActiveCfg = Release|Any CPU
		{4812C714-5750-45B7-8B01-88C8A5298218}.Release|Any CPU.Build.0 = Release|Any CPU
		{270ADB41-A5E4-41E2-8CEB-026D8640EFBB}.Debug|Any CPU.ActiveCfg = Debug|Any CPU
		{270ADB41-A5E4-41E2-8CEB-026D8640EFBB}.Debug|Any CPU.Build.0 = Debug|Any CPU
		{270ADB41-A5E4-41E2-8CEB-026D8640EFBB}.Release|Any CPU.ActiveCfg = Release|Any CPU
		{270ADB41-A5E4-41E2-8CEB-026D8640EFBB}.Release|Any CPU.Build.0 = Release|Any CPU
		{C46C6B58-8901-4163-B4E3-C274C195CB91}.Debug|Any CPU.ActiveCfg = Debug|Any CPU
		{C46C6B58-8901-4163-B4E3-C274C195CB91}.Debug|Any CPU.Build.0 = Debug|Any CPU
		{C46C6B58-8901-4163-B4E3-C274C195CB91}.Release|Any CPU.ActiveCfg = Release|Any CPU
		{C46C6B58-8901-4163-B4E3-C274C195CB91}.Release|Any CPU.Build.0 = Release|Any CPU
	EndGlobalSection
	GlobalSection(SolutionProperties) = preSolution
		HideSolutionNode = FALSE
	EndGlobalSection
EndGlobal
