
Microsoft Visual Studio Solution File, Format Version 12.00
# Visual Studio 14
VisualStudioVersion = 14.0.25420.1
MinimumVisualStudioVersion = 10.0.40219.1
Project("{FAE04EC0-301F-11D3-BF4B-00C04F79EFBC}") = "LogicTest", "Logic.Test\LogicTest.csproj", "{6ACF07FE-F4ED-4CF5-ADCB-68C6DE2260F1}"
EndProject
Project("{FAE04EC0-301F-11D3-BF4B-00C04F79EFBC}") = "Logic", "Logic\Logic.csproj", "{4812C714-5750-45B7-8B01-88C8A5298218}"
EndProject
Project("{FAE04EC0-301F-11D3-BF4B-00C04F79EFBC}") = "UserInterface", "UserInterface\UserInterface.csproj", "{FE80DA5C-5985-434B-A7CD-F734584C8851}"
EndProject
Project("{FAE04EC0-301F-11D3-BF4B-00C04F79EFBC}") = "RepositoryInterface", "RepositoryInterface\RepositoryInterface.csproj", "{636B5156-D57E-4D33-B0F9-272AB0C13FFD}"
EndProject
Project("{FAE04EC0-301F-11D3-BF4B-00C04F79EFBC}") = "Entities", "Entities\Entities.csproj", "{5CD2F371-A7FB-464B-A28B-80F3449A38F5}"
EndProject
Project("{FAE04EC0-301F-11D3-BF4B-00C04F79EFBC}") = "DataAccess", "DataAccess\DataAccess.csproj", "{CBB1E074-07A5-4C42-A76C-27EA24C33101}"
EndProject
Project("{FAE04EC0-301F-11D3-BF4B-00C04F79EFBC}") = "DomainRepositoryInterface", "UserRepositoryInterface\DomainRepositoryInterface.csproj", "{6667B00C-A48F-457B-88C2-1069968DE922}"
EndProject
Project("{FAE04EC0-301F-11D3-BF4B-00C04F79EFBC}") = "ServicesTest", "ServicesTest\ServicesTest.csproj", "{8B1ED1D7-A8A7-4005-83FD-9577E27F33F8}"
EndProject
Project("{FAE04EC0-301F-11D3-BF4B-00C04F79EFBC}") = "Services", "Services\Services.csproj", "{875D9FDD-57A1-468C-9C18-7596B5C67466}"
EndProject
Project("{FAE04EC0-301F-11D3-BF4B-00C04F79EFBC}") = "DataAccessTest", "DataAccessTest\DataAccessTest.csproj", "{01BD1CF1-325E-4028-ABEB-DD7A3E62DDB9}"
EndProject
Project("{FAE04EC0-301F-11D3-BF4B-00C04F79EFBC}") = "BusinessDataExceptions", "DataAccessExceptions\BusinessDataExceptions.csproj", "{5F498C63-2DE6-4D25-9504-73B397B5C2F8}"
EndProject
Project("{FAE04EC0-301F-11D3-BF4B-00C04F79EFBC}") = "ServicesExceptions", "ServicesExceptions\ServicesExceptions.csproj", "{85638FB7-11DB-4AB2-9EA5-773D04D10CE6}"
EndProject
Project("{FAE04EC0-301F-11D3-BF4B-00C04F79EFBC}") = "LogicExceptions", "LogicExceptions\LogicExceptions.csproj", "{8BA1D285-3AE8-4259-958C-FF6D69E0A9AD}"
EndProject
Global
	GlobalSection(SolutionConfigurationPlatforms) = preSolution
		Debug|Any CPU = Debug|Any CPU
		Release|Any CPU = Release|Any CPU
	EndGlobalSection
	GlobalSection(ProjectConfigurationPlatforms) = postSolution
		{6ACF07FE-F4ED-4CF5-ADCB-68C6DE2260F1}.Debug|Any CPU.ActiveCfg = Debug|Any CPU
		{6ACF07FE-F4ED-4CF5-ADCB-68C6DE2260F1}.Debug|Any CPU.Build.0 = Debug|Any CPU
		{6ACF07FE-F4ED-4CF5-ADCB-68C6DE2260F1}.Release|Any CPU.ActiveCfg = Release|Any CPU
		{6ACF07FE-F4ED-4CF5-ADCB-68C6DE2260F1}.Release|Any CPU.Build.0 = Release|Any CPU
		{4812C714-5750-45B7-8B01-88C8A5298218}.Debug|Any CPU.ActiveCfg = Debug|Any CPU
		{4812C714-5750-45B7-8B01-88C8A5298218}.Debug|Any CPU.Build.0 = Debug|Any CPU
		{4812C714-5750-45B7-8B01-88C8A5298218}.Release|Any CPU.ActiveCfg = Release|Any CPU
		{4812C714-5750-45B7-8B01-88C8A5298218}.Release|Any CPU.Build.0 = Release|Any CPU
		{FE80DA5C-5985-434B-A7CD-F734584C8851}.Debug|Any CPU.ActiveCfg = Debug|Any CPU
		{FE80DA5C-5985-434B-A7CD-F734584C8851}.Debug|Any CPU.Build.0 = Debug|Any CPU
		{FE80DA5C-5985-434B-A7CD-F734584C8851}.Release|Any CPU.ActiveCfg = Release|Any CPU
		{FE80DA5C-5985-434B-A7CD-F734584C8851}.Release|Any CPU.Build.0 = Release|Any CPU
		{636B5156-D57E-4D33-B0F9-272AB0C13FFD}.Debug|Any CPU.ActiveCfg = Debug|Any CPU
		{636B5156-D57E-4D33-B0F9-272AB0C13FFD}.Debug|Any CPU.Build.0 = Debug|Any CPU
		{636B5156-D57E-4D33-B0F9-272AB0C13FFD}.Release|Any CPU.ActiveCfg = Release|Any CPU
		{636B5156-D57E-4D33-B0F9-272AB0C13FFD}.Release|Any CPU.Build.0 = Release|Any CPU
		{5CD2F371-A7FB-464B-A28B-80F3449A38F5}.Debug|Any CPU.ActiveCfg = Debug|Any CPU
		{5CD2F371-A7FB-464B-A28B-80F3449A38F5}.Debug|Any CPU.Build.0 = Debug|Any CPU
		{5CD2F371-A7FB-464B-A28B-80F3449A38F5}.Release|Any CPU.ActiveCfg = Release|Any CPU
		{5CD2F371-A7FB-464B-A28B-80F3449A38F5}.Release|Any CPU.Build.0 = Release|Any CPU
		{CBB1E074-07A5-4C42-A76C-27EA24C33101}.Debug|Any CPU.ActiveCfg = Debug|Any CPU
		{CBB1E074-07A5-4C42-A76C-27EA24C33101}.Debug|Any CPU.Build.0 = Debug|Any CPU
		{CBB1E074-07A5-4C42-A76C-27EA24C33101}.Release|Any CPU.ActiveCfg = Release|Any CPU
		{CBB1E074-07A5-4C42-A76C-27EA24C33101}.Release|Any CPU.Build.0 = Release|Any CPU
		{6667B00C-A48F-457B-88C2-1069968DE922}.Debug|Any CPU.ActiveCfg = Debug|Any CPU
		{6667B00C-A48F-457B-88C2-1069968DE922}.Debug|Any CPU.Build.0 = Debug|Any CPU
		{6667B00C-A48F-457B-88C2-1069968DE922}.Release|Any CPU.ActiveCfg = Release|Any CPU
		{6667B00C-A48F-457B-88C2-1069968DE922}.Release|Any CPU.Build.0 = Release|Any CPU
		{8B1ED1D7-A8A7-4005-83FD-9577E27F33F8}.Debug|Any CPU.ActiveCfg = Debug|Any CPU
		{8B1ED1D7-A8A7-4005-83FD-9577E27F33F8}.Debug|Any CPU.Build.0 = Debug|Any CPU
		{8B1ED1D7-A8A7-4005-83FD-9577E27F33F8}.Release|Any CPU.ActiveCfg = Release|Any CPU
		{8B1ED1D7-A8A7-4005-83FD-9577E27F33F8}.Release|Any CPU.Build.0 = Release|Any CPU
		{875D9FDD-57A1-468C-9C18-7596B5C67466}.Debug|Any CPU.ActiveCfg = Debug|Any CPU
		{875D9FDD-57A1-468C-9C18-7596B5C67466}.Debug|Any CPU.Build.0 = Debug|Any CPU
		{875D9FDD-57A1-468C-9C18-7596B5C67466}.Release|Any CPU.ActiveCfg = Release|Any CPU
		{875D9FDD-57A1-468C-9C18-7596B5C67466}.Release|Any CPU.Build.0 = Release|Any CPU
		{01BD1CF1-325E-4028-ABEB-DD7A3E62DDB9}.Debug|Any CPU.ActiveCfg = Debug|Any CPU
		{01BD1CF1-325E-4028-ABEB-DD7A3E62DDB9}.Debug|Any CPU.Build.0 = Debug|Any CPU
		{01BD1CF1-325E-4028-ABEB-DD7A3E62DDB9}.Release|Any CPU.ActiveCfg = Release|Any CPU
		{01BD1CF1-325E-4028-ABEB-DD7A3E62DDB9}.Release|Any CPU.Build.0 = Release|Any CPU
		{5F498C63-2DE6-4D25-9504-73B397B5C2F8}.Debug|Any CPU.ActiveCfg = Debug|Any CPU
		{5F498C63-2DE6-4D25-9504-73B397B5C2F8}.Debug|Any CPU.Build.0 = Debug|Any CPU
		{5F498C63-2DE6-4D25-9504-73B397B5C2F8}.Release|Any CPU.ActiveCfg = Release|Any CPU
		{5F498C63-2DE6-4D25-9504-73B397B5C2F8}.Release|Any CPU.Build.0 = Release|Any CPU
		{85638FB7-11DB-4AB2-9EA5-773D04D10CE6}.Debug|Any CPU.ActiveCfg = Debug|Any CPU
		{85638FB7-11DB-4AB2-9EA5-773D04D10CE6}.Debug|Any CPU.Build.0 = Debug|Any CPU
		{85638FB7-11DB-4AB2-9EA5-773D04D10CE6}.Release|Any CPU.ActiveCfg = Release|Any CPU
		{85638FB7-11DB-4AB2-9EA5-773D04D10CE6}.Release|Any CPU.Build.0 = Release|Any CPU
		{8BA1D285-3AE8-4259-958C-FF6D69E0A9AD}.Debug|Any CPU.ActiveCfg = Debug|Any CPU
		{8BA1D285-3AE8-4259-958C-FF6D69E0A9AD}.Debug|Any CPU.Build.0 = Debug|Any CPU
		{8BA1D285-3AE8-4259-958C-FF6D69E0A9AD}.Release|Any CPU.ActiveCfg = Release|Any CPU
		{8BA1D285-3AE8-4259-958C-FF6D69E0A9AD}.Release|Any CPU.Build.0 = Release|Any CPU
	EndGlobalSection
	GlobalSection(SolutionProperties) = preSolution
		HideSolutionNode = FALSE
	EndGlobalSection
EndGlobal
